
Microsoft Visual Studio Solution File, Format Version 12.00
# Visual Studio Version 16
VisualStudioVersion = 16.0.31624.102
MinimumVisualStudioVersion = 10.0.40219.1
Project("{9A19103F-16F7-4668-BE54-9A1E7A4F7556}") = "DataAccess", "DataAccess\DataAccess.csproj", "{E540E34F-55DC-4617-BBBF-BB0EC30D87B8}"
EndProject
Project("{9A19103F-16F7-4668-BE54-9A1E7A4F7556}") = "Business", "Business\Business.csproj", "{7E637AC4-75DD-433D-8C58-153737B498C4}"
EndProject
Project("{9A19103F-16F7-4668-BE54-9A1E7A4F7556}") = "Entities", "Entities\Entities.csproj", "{8FF54C24-ABA7-4CB8-8AB3-B8CCAB58EB94}"
EndProject
Project("{9A19103F-16F7-4668-BE54-9A1E7A4F7556}") = "ConsoleUI", "ConsoleUI\ConsoleUI.csproj", "{B3EB70A2-C86E-4C2B-AA44-DA9F6EA7393E}"
EndProject
Project("{9A19103F-16F7-4668-BE54-9A1E7A4F7556}") = "Core", "Core\Core.csproj", "{9AD2B584-BF39-405C-A09C-B87BBCA154E2}"
EndProject
Project("{FAE04EC0-301F-11D3-BF4B-00C04F79EFBC}") = "WebAPI", "WebAPI\WebAPI.csproj", "{AE0282FC-B08D-4A34-918A-B7F0028B130A}"
EndProject
Global
	GlobalSection(SolutionConfigurationPlatforms) = preSolution
		Debug|Any CPU = Debug|Any CPU
		Release|Any CPU = Release|Any CPU
	EndGlobalSection
	GlobalSection(ProjectConfigurationPlatforms) = postSolution
		{E540E34F-55DC-4617-BBBF-BB0EC30D87B8}.Debug|Any CPU.ActiveCfg = Debug|Any CPU
		{E540E34F-55DC-4617-BBBF-BB0EC30D87B8}.Debug|Any CPU.Build.0 = Debug|Any CPU
		{E540E34F-55DC-4617-BBBF-BB0EC30D87B8}.Release|Any CPU.ActiveCfg = Release|Any CPU
		{E540E34F-55DC-4617-BBBF-BB0EC30D87B8}.Release|Any CPU.Build.0 = Release|Any CPU
		{7E637AC4-75DD-433D-8C58-153737B498C4}.Debug|Any CPU.ActiveCfg = Debug|Any CPU
		{7E637AC4-75DD-433D-8C58-153737B498C4}.Debug|Any CPU.Build.0 = Debug|Any CPU
		{7E637AC4-75DD-433D-8C58-153737B498C4}.Release|Any CPU.ActiveCfg = Release|Any CPU
		{7E637AC4-75DD-433D-8C58-153737B498C4}.Release|Any CPU.Build.0 = Release|Any CPU
		{8FF54C24-ABA7-4CB8-8AB3-B8CCAB58EB94}.Debug|Any CPU.ActiveCfg = Debug|Any CPU
		{8FF54C24-ABA7-4CB8-8AB3-B8CCAB58EB94}.Debug|Any CPU.Build.0 = Debug|Any CPU
		{8FF54C24-ABA7-4CB8-8AB3-B8CCAB58EB94}.Release|Any CPU.ActiveCfg = Release|Any CPU
		{8FF54C24-ABA7-4CB8-8AB3-B8CCAB58EB94}.Release|Any CPU.Build.0 = Release|Any CPU
		{B3EB70A2-C86E-4C2B-AA44-DA9F6EA7393E}.Debug|Any CPU.ActiveCfg = Debug|Any CPU
		{B3EB70A2-C86E-4C2B-AA44-DA9F6EA7393E}.Debug|Any CPU.Build.0 = Debug|Any CPU
		{B3EB70A2-C86E-4C2B-AA44-DA9F6EA7393E}.Release|Any CPU.ActiveCfg = Release|Any CPU
		{B3EB70A2-C86E-4C2B-AA44-DA9F6EA7393E}.Release|Any CPU.Build.0 = Release|Any CPU
		{9AD2B584-BF39-405C-A09C-B87BBCA154E2}.Debug|Any CPU.ActiveCfg = Debug|Any CPU
		{9AD2B584-BF39-405C-A09C-B87BBCA154E2}.Debug|Any CPU.Build.0 = Debug|Any CPU
		{9AD2B584-BF39-405C-A09C-B87BBCA154E2}.Release|Any CPU.ActiveCfg = Release|Any CPU
		{9AD2B584-BF39-405C-A09C-B87BBCA154E2}.Release|Any CPU.Build.0 = Release|Any CPU
		{AE0282FC-B08D-4A34-918A-B7F0028B130A}.Debug|Any CPU.ActiveCfg = Debug|Any CPU
		{AE0282FC-B08D-4A34-918A-B7F0028B130A}.Debug|Any CPU.Build.0 = Debug|Any CPU
		{AE0282FC-B08D-4A34-918A-B7F0028B130A}.Release|Any CPU.ActiveCfg = Release|Any CPU
		{AE0282FC-B08D-4A34-918A-B7F0028B130A}.Release|Any CPU.Build.0 = Release|Any CPU
	EndGlobalSection
	GlobalSection(SolutionProperties) = preSolution
		HideSolutionNode = FALSE
	EndGlobalSection
	GlobalSection(ExtensibilityGlobals) = postSolution
		SolutionGuid = {677556B1-A9DA-498A-BE83-996A94F9A496}
	EndGlobalSection
EndGlobal
